
Microsoft Visual Studio Solution File, Format Version 12.00
# Visual Studio Version 16
VisualStudioVersion = 16.0.29020.237
MinimumVisualStudioVersion = 10.0.40219.1
Project("{9A19103F-16F7-4668-BE54-9A1E7A4F7556}") = "WebApplication", "WebApplication\WebApplication.csproj", "{90903449-8786-4EA2-86F9-CCFC43AD22E8}"
EndProject
Global
	GlobalSection(SolutionConfigurationPlatforms) = preSolution
		Debug|Any CPU = Debug|Any CPU
		Release|Any CPU = Release|Any CPU
	EndGlobalSection
	GlobalSection(ProjectConfigurationPlatforms) = postSolution
		{90903449-8786-4EA2-86F9-CCFC43AD22E8}.Debug|Any CPU.ActiveCfg = Debug|Any CPU
		{90903449-8786-4EA2-86F9-CCFC43AD22E8}.Debug|Any CPU.Build.0 = Debug|Any CPU
		{90903449-8786-4EA2-86F9-CCFC43AD22E8}.Release|Any CPU.ActiveCfg = Release|Any CPU
		{90903449-8786-4EA2-86F9-CCFC43AD22E8}.Release|Any CPU.Build.0 = Release|Any CPU
	EndGlobalSection
	GlobalSection(SolutionProperties) = preSolution
		HideSolutionNode = FALSE
	EndGlobalSection
	GlobalSection(ExtensibilityGlobals) = postSolution
		SolutionGuid = {FFE71C4C-0960-4D02-AD16-A9323FC6D1CD}
	EndGlobalSection
EndGlobal
